# This file is automatically @generated by Poetry 1.7.0 and should not be changed by hand.

[[package]]
name = "annotated-types"
version = "0.7.0"
description = "Reusable constraint types to use with typing.Annotated"
optional = false
python-versions = ">=3.8"
files = [
    {file = "annotated_types-0.7.0-py3-none-any.whl", hash = "sha256:1f02e8b43a8fbbc3f3e0d4f0f4bfc8131bcb4eebe8849b8e5c773f3a1c582a53"},
    {file = "annotated_types-0.7.0.tar.gz", hash = "sha256:aff07c09a53a08bc8cfccb9c85b05f1aa9a2a6f23728d790723543408344ce89"},
]

[[package]]
name = "click"
version = "8.1.7"
description = "Composable command line interface toolkit"
optional = false
python-versions = ">=3.7"
files = [
    {file = "click-8.1.7-py3-none-any.whl", hash = "sha256:ae74fb96c20a0277a1d615f1e4d73c8414f5a98db8b799a7931d1582f3390c28"},
    {file = "click-8.1.7.tar.gz", hash = "sha256:ca9853ad459e787e2192211578cc907e7594e294c7ccc834310722b41b9ca6de"},
]

[package.dependencies]
colorama = {version = "*", markers = "platform_system == \"Windows\""}

[[package]]
name = "colorama"
version = "0.4.6"
description = "Cross-platform colored terminal text."
optional = false
python-versions = "!=3.0.*,!=3.1.*,!=3.2.*,!=3.3.*,!=3.4.*,!=3.5.*,!=3.6.*,>=2.7"
files = [
    {file = "colorama-0.4.6-py2.py3-none-any.whl", hash = "sha256:4f1d9991f5acc0ca119f9d443620b77f9d6b33703e51011c16baf57afb285fc6"},
    {file = "colorama-0.4.6.tar.gz", hash = "sha256:08695f5cb7ed6e0531a20572697297273c47b8cae5a63ffc6d6ed5c201be6e44"},
]

[[package]]
name = "numpy"
version = "1.26.4"
description = "Fundamental package for array computing in Python"
optional = false
python-versions = ">=3.9"
files = [
    {file = "numpy-1.26.4-cp310-cp310-macosx_10_9_x86_64.whl", hash = "sha256:9ff0f4f29c51e2803569d7a51c2304de5554655a60c5d776e35b4a41413830d0"},
    {file = "numpy-1.26.4-cp310-cp310-macosx_11_0_arm64.whl", hash = "sha256:2e4ee3380d6de9c9ec04745830fd9e2eccb3e6cf790d39d7b98ffd19b0dd754a"},
    {file = "numpy-1.26.4-cp310-cp310-manylinux_2_17_aarch64.manylinux2014_aarch64.whl", hash = "sha256:d209d8969599b27ad20994c8e41936ee0964e6da07478d6c35016bc386b66ad4"},
    {file = "numpy-1.26.4-cp310-cp310-manylinux_2_17_x86_64.manylinux2014_x86_64.whl", hash = "sha256:ffa75af20b44f8dba823498024771d5ac50620e6915abac414251bd971b4529f"},
    {file = "numpy-1.26.4-cp310-cp310-musllinux_1_1_aarch64.whl", hash = "sha256:62b8e4b1e28009ef2846b4c7852046736bab361f7aeadeb6a5b89ebec3c7055a"},
    {file = "numpy-1.26.4-cp310-cp310-musllinux_1_1_x86_64.whl", hash = "sha256:a4abb4f9001ad2858e7ac189089c42178fcce737e4169dc61321660f1a96c7d2"},
    {file = "numpy-1.26.4-cp310-cp310-win32.whl", hash = "sha256:bfe25acf8b437eb2a8b2d49d443800a5f18508cd811fea3181723922a8a82b07"},
    {file = "numpy-1.26.4-cp310-cp310-win_amd64.whl", hash = "sha256:b97fe8060236edf3662adfc2c633f56a08ae30560c56310562cb4f95500022d5"},
    {file = "numpy-1.26.4-cp311-cp311-macosx_10_9_x86_64.whl", hash = "sha256:4c66707fabe114439db9068ee468c26bbdf909cac0fb58686a42a24de1760c71"},
    {file = "numpy-1.26.4-cp311-cp311-macosx_11_0_arm64.whl", hash = "sha256:edd8b5fe47dab091176d21bb6de568acdd906d1887a4584a15a9a96a1dca06ef"},
    {file = "numpy-1.26.4-cp311-cp311-manylinux_2_17_aarch64.manylinux2014_aarch64.whl", hash = "sha256:7ab55401287bfec946ced39700c053796e7cc0e3acbef09993a9ad2adba6ca6e"},
    {file = "numpy-1.26.4-cp311-cp311-manylinux_2_17_x86_64.manylinux2014_x86_64.whl", hash = "sha256:666dbfb6ec68962c033a450943ded891bed2d54e6755e35e5835d63f4f6931d5"},
    {file = "numpy-1.26.4-cp311-cp311-musllinux_1_1_aarch64.whl", hash = "sha256:96ff0b2ad353d8f990b63294c8986f1ec3cb19d749234014f4e7eb0112ceba5a"},
    {file = "numpy-1.26.4-cp311-cp311-musllinux_1_1_x86_64.whl", hash = "sha256:60dedbb91afcbfdc9bc0b1f3f402804070deed7392c23eb7a7f07fa857868e8a"},
    {file = "numpy-1.26.4-cp311-cp311-win32.whl", hash = "sha256:1af303d6b2210eb850fcf03064d364652b7120803a0b872f5211f5234b399f20"},
    {file = "numpy-1.26.4-cp311-cp311-win_amd64.whl", hash = "sha256:cd25bcecc4974d09257ffcd1f098ee778f7834c3ad767fe5db785be9a4aa9cb2"},
    {file = "numpy-1.26.4-cp312-cp312-macosx_10_9_x86_64.whl", hash = "sha256:b3ce300f3644fb06443ee2222c2201dd3a89ea6040541412b8fa189341847218"},
    {file = "numpy-1.26.4-cp312-cp312-macosx_11_0_arm64.whl", hash = "sha256:03a8c78d01d9781b28a6989f6fa1bb2c4f2d51201cf99d3dd875df6fbd96b23b"},
    {file = "numpy-1.26.4-cp312-cp312-manylinux_2_17_aarch64.manylinux2014_aarch64.whl", hash = "sha256:9fad7dcb1aac3c7f0584a5a8133e3a43eeb2fe127f47e3632d43d677c66c102b"},
    {file = "numpy-1.26.4-cp312-cp312-manylinux_2_17_x86_64.manylinux2014_x86_64.whl", hash = "sha256:675d61ffbfa78604709862923189bad94014bef562cc35cf61d3a07bba02a7ed"},
    {file = "numpy-1.26.4-cp312-cp312-musllinux_1_1_aarch64.whl", hash = "sha256:ab47dbe5cc8210f55aa58e4805fe224dac469cde56b9f731a4c098b91917159a"},
    {file = "numpy-1.26.4-cp312-cp312-musllinux_1_1_x86_64.whl", hash = "sha256:1dda2e7b4ec9dd512f84935c5f126c8bd8b9f2fc001e9f54af255e8c5f16b0e0"},
    {file = "numpy-1.26.4-cp312-cp312-win32.whl", hash = "sha256:50193e430acfc1346175fcbdaa28ffec49947a06918b7b92130744e81e640110"},
    {file = "numpy-1.26.4-cp312-cp312-win_amd64.whl", hash = "sha256:08beddf13648eb95f8d867350f6a018a4be2e5ad54c8d8caed89ebca558b2818"},
    {file = "numpy-1.26.4-cp39-cp39-macosx_10_9_x86_64.whl", hash = "sha256:7349ab0fa0c429c82442a27a9673fc802ffdb7c7775fad780226cb234965e53c"},
    {file = "numpy-1.26.4-cp39-cp39-macosx_11_0_arm64.whl", hash = "sha256:52b8b60467cd7dd1e9ed082188b4e6bb35aa5cdd01777621a1658910745b90be"},
    {file = "numpy-1.26.4-cp39-cp39-manylinux_2_17_aarch64.manylinux2014_aarch64.whl", hash = "sha256:d5241e0a80d808d70546c697135da2c613f30e28251ff8307eb72ba696945764"},
    {file = "numpy-1.26.4-cp39-cp39-manylinux_2_17_x86_64.manylinux2014_x86_64.whl", hash = "sha256:f870204a840a60da0b12273ef34f7051e98c3b5961b61b0c2c1be6dfd64fbcd3"},
    {file = "numpy-1.26.4-cp39-cp39-musllinux_1_1_aarch64.whl", hash = "sha256:679b0076f67ecc0138fd2ede3a8fd196dddc2ad3254069bcb9faf9a79b1cebcd"},
    {file = "numpy-1.26.4-cp39-cp39-musllinux_1_1_x86_64.whl", hash = "sha256:47711010ad8555514b434df65f7d7b076bb8261df1ca9bb78f53d3b2db02e95c"},
    {file = "numpy-1.26.4-cp39-cp39-win32.whl", hash = "sha256:a354325ee03388678242a4d7ebcd08b5c727033fcff3b2f536aea978e15ee9e6"},
    {file = "numpy-1.26.4-cp39-cp39-win_amd64.whl", hash = "sha256:3373d5d70a5fe74a2c1bb6d2cfd9609ecf686d47a2d7b1d37a8f3b6bf6003aea"},
    {file = "numpy-1.26.4-pp39-pypy39_pp73-macosx_10_9_x86_64.whl", hash = "sha256:afedb719a9dcfc7eaf2287b839d8198e06dcd4cb5d276a3df279231138e83d30"},
    {file = "numpy-1.26.4-pp39-pypy39_pp73-manylinux_2_17_x86_64.manylinux2014_x86_64.whl", hash = "sha256:95a7476c59002f2f6c590b9b7b998306fba6a5aa646b1e22ddfeaf8f78c3a29c"},
    {file = "numpy-1.26.4-pp39-pypy39_pp73-win_amd64.whl", hash = "sha256:7e50d0a0cc3189f9cb0aeb3a6a6af18c16f59f004b866cd2be1c14b36134a4a0"},
    {file = "numpy-1.26.4.tar.gz", hash = "sha256:2a02aba9ed12e4ac4eb3ea9421c420301a0c6460d9830d74a9df87efa4912010"},
]

[[package]]
name = "pydantic"
version = "2.7.2"
description = "Data validation using Python type hints"
optional = false
python-versions = ">=3.8"
files = [
    {file = "pydantic-2.7.2-py3-none-any.whl", hash = "sha256:834ab954175f94e6e68258537dc49402c4a5e9d0409b9f1b86b7e934a8372de7"},
    {file = "pydantic-2.7.2.tar.gz", hash = "sha256:71b2945998f9c9b7919a45bde9a50397b289937d215ae141c1d0903ba7149fd7"},
]

[package.dependencies]
annotated-types = ">=0.4.0"
pydantic-core = "2.18.3"
typing-extensions = ">=4.6.1"

[package.extras]
email = ["email-validator (>=2.0.0)"]

[[package]]
name = "pydantic-core"
version = "2.18.3"
description = "Core functionality for Pydantic validation and serialization"
optional = false
python-versions = ">=3.8"
files = [
    {file = "pydantic_core-2.18.3-cp310-cp310-macosx_10_12_x86_64.whl", hash = "sha256:744697428fcdec6be5670460b578161d1ffe34743a5c15656be7ea82b008197c"},
    {file = "pydantic_core-2.18.3-cp310-cp310-macosx_11_0_arm64.whl", hash = "sha256:37b40c05ced1ba4218b14986fe6f283d22e1ae2ff4c8e28881a70fb81fbfcda7"},
    {file = "pydantic_core-2.18.3-cp310-cp310-manylinux_2_17_aarch64.manylinux2014_aarch64.whl", hash = "sha256:544a9a75622357076efb6b311983ff190fbfb3c12fc3a853122b34d3d358126c"},
    {file = "pydantic_core-2.18.3-cp310-cp310-manylinux_2_17_armv7l.manylinux2014_armv7l.whl", hash = "sha256:e2e253af04ceaebde8eb201eb3f3e3e7e390f2d275a88300d6a1959d710539e2"},
    {file = "pydantic_core-2.18.3-cp310-cp310-manylinux_2_17_ppc64le.manylinux2014_ppc64le.whl", hash = "sha256:855ec66589c68aa367d989da5c4755bb74ee92ccad4fdb6af942c3612c067e34"},
    {file = "pydantic_core-2.18.3-cp310-cp310-manylinux_2_17_s390x.manylinux2014_s390x.whl", hash = "sha256:3d3e42bb54e7e9d72c13ce112e02eb1b3b55681ee948d748842171201a03a98a"},
    {file = "pydantic_core-2.18.3-cp310-cp310-manylinux_2_17_x86_64.manylinux2014_x86_64.whl", hash = "sha256:c6ac9ffccc9d2e69d9fba841441d4259cb668ac180e51b30d3632cd7abca2b9b"},
    {file = "pydantic_core-2.18.3-cp310-cp310-manylinux_2_5_i686.manylinux1_i686.whl", hash = "sha256:c56eca1686539fa0c9bda992e7bd6a37583f20083c37590413381acfc5f192d6"},
    {file = "pydantic_core-2.18.3-cp310-cp310-musllinux_1_1_aarch64.whl", hash = "sha256:17954d784bf8abfc0ec2a633108207ebc4fa2df1a0e4c0c3ccbaa9bb01d2c426"},
    {file = "pydantic_core-2.18.3-cp310-cp310-musllinux_1_1_x86_64.whl", hash = "sha256:98ed737567d8f2ecd54f7c8d4f8572ca7c7921ede93a2e52939416170d357812"},
    {file = "pydantic_core-2.18.3-cp310-none-win32.whl", hash = "sha256:9f9e04afebd3ed8c15d67a564ed0a34b54e52136c6d40d14c5547b238390e779"},
    {file = "pydantic_core-2.18.3-cp310-none-win_amd64.whl", hash = "sha256:45e4ffbae34f7ae30d0047697e724e534a7ec0a82ef9994b7913a412c21462a0"},
    {file = "pydantic_core-2.18.3-cp311-cp311-macosx_10_12_x86_64.whl", hash = "sha256:b9ebe8231726c49518b16b237b9fe0d7d361dd221302af511a83d4ada01183ab"},
    {file = "pydantic_core-2.18.3-cp311-cp311-macosx_11_0_arm64.whl", hash = "sha256:b8e20e15d18bf7dbb453be78a2d858f946f5cdf06c5072453dace00ab652e2b2"},
    {file = "pydantic_core-2.18.3-cp311-cp311-manylinux_2_17_aarch64.manylinux2014_aarch64.whl", hash = "sha256:c0d9ff283cd3459fa0bf9b0256a2b6f01ac1ff9ffb034e24457b9035f75587cb"},
    {file = "pydantic_core-2.18.3-cp311-cp311-manylinux_2_17_armv7l.manylinux2014_armv7l.whl", hash = "sha256:2f7ef5f0ebb77ba24c9970da18b771711edc5feaf00c10b18461e0f5f5949231"},
    {file = "pydantic_core-2.18.3-cp311-cp311-manylinux_2_17_ppc64le.manylinux2014_ppc64le.whl", hash = "sha256:73038d66614d2e5cde30435b5afdced2b473b4c77d4ca3a8624dd3e41a9c19be"},
    {file = "pydantic_core-2.18.3-cp311-cp311-manylinux_2_17_s390x.manylinux2014_s390x.whl", hash = "sha256:6afd5c867a74c4d314c557b5ea9520183fadfbd1df4c2d6e09fd0d990ce412cd"},
    {file = "pydantic_core-2.18.3-cp311-cp311-manylinux_2_17_x86_64.manylinux2014_x86_64.whl", hash = "sha256:bd7df92f28d351bb9f12470f4c533cf03d1b52ec5a6e5c58c65b183055a60106"},
    {file = "pydantic_core-2.18.3-cp311-cp311-manylinux_2_5_i686.manylinux1_i686.whl", hash = "sha256:80aea0ffeb1049336043d07799eace1c9602519fb3192916ff525b0287b2b1e4"},
    {file = "pydantic_core-2.18.3-cp311-cp311-musllinux_1_1_aarch64.whl", hash = "sha256:aaee40f25bba38132e655ffa3d1998a6d576ba7cf81deff8bfa189fb43fd2bbe"},
    {file = "pydantic_core-2.18.3-cp311-cp311-musllinux_1_1_x86_64.whl", hash = "sha256:9128089da8f4fe73f7a91973895ebf2502539d627891a14034e45fb9e707e26d"},
    {file = "pydantic_core-2.18.3-cp311-none-win32.whl", hash = "sha256:fec02527e1e03257aa25b1a4dcbe697b40a22f1229f5d026503e8b7ff6d2eda7"},
    {file = "pydantic_core-2.18.3-cp311-none-win_amd64.whl", hash = "sha256:58ff8631dbab6c7c982e6425da8347108449321f61fe427c52ddfadd66642af7"},
    {file = "pydantic_core-2.18.3-cp311-none-win_arm64.whl", hash = "sha256:3fc1c7f67f34c6c2ef9c213e0f2a351797cda98249d9ca56a70ce4ebcaba45f4"},
    {file = "pydantic_core-2.18.3-cp312-cp312-macosx_10_12_x86_64.whl", hash = "sha256:f0928cde2ae416a2d1ebe6dee324709c6f73e93494d8c7aea92df99aab1fc40f"},
    {file = "pydantic_core-2.18.3-cp312-cp312-macosx_11_0_arm64.whl", hash = "sha256:0bee9bb305a562f8b9271855afb6ce00223f545de3d68560b3c1649c7c5295e9"},
    {file = "pydantic_core-2.18.3-cp312-cp312-manylinux_2_17_aarch64.manylinux2014_aarch64.whl", hash = "sha256:e862823be114387257dacbfa7d78547165a85d7add33b446ca4f4fae92c7ff5c"},
    {file = "pydantic_core-2.18.3-cp312-cp312-manylinux_2_17_armv7l.manylinux2014_armv7l.whl", hash = "sha256:6a36f78674cbddc165abab0df961b5f96b14461d05feec5e1f78da58808b97e7"},
    {file = "pydantic_core-2.18.3-cp312-cp312-manylinux_2_17_ppc64le.manylinux2014_ppc64le.whl", hash = "sha256:ba905d184f62e7ddbb7a5a751d8a5c805463511c7b08d1aca4a3e8c11f2e5048"},
    {file = "pydantic_core-2.18.3-cp312-cp312-manylinux_2_17_s390x.manylinux2014_s390x.whl", hash = "sha256:7fdd362f6a586e681ff86550b2379e532fee63c52def1c666887956748eaa326"},
    {file = "pydantic_core-2.18.3-cp312-cp312-manylinux_2_17_x86_64.manylinux2014_x86_64.whl", hash = "sha256:24b214b7ee3bd3b865e963dbed0f8bc5375f49449d70e8d407b567af3222aae4"},
    {file = "pydantic_core-2.18.3-cp312-cp312-manylinux_2_5_i686.manylinux1_i686.whl", hash = "sha256:691018785779766127f531674fa82bb368df5b36b461622b12e176c18e119022"},
    {file = "pydantic_core-2.18.3-cp312-cp312-musllinux_1_1_aarch64.whl", hash = "sha256:60e4c625e6f7155d7d0dcac151edf5858102bc61bf959d04469ca6ee4e8381bd"},
    {file = "pydantic_core-2.18.3-cp312-cp312-musllinux_1_1_x86_64.whl", hash = "sha256:a4e651e47d981c1b701dcc74ab8fec5a60a5b004650416b4abbef13db23bc7be"},
    {file = "pydantic_core-2.18.3-cp312-none-win32.whl", hash = "sha256:ffecbb5edb7f5ffae13599aec33b735e9e4c7676ca1633c60f2c606beb17efc5"},
    {file = "pydantic_core-2.18.3-cp312-none-win_amd64.whl", hash = "sha256:2c8333f6e934733483c7eddffdb094c143b9463d2af7e6bd85ebcb2d4a1b82c6"},
    {file = "pydantic_core-2.18.3-cp312-none-win_arm64.whl", hash = "sha256:7a20dded653e516a4655f4c98e97ccafb13753987434fe7cf044aa25f5b7d417"},
    {file = "pydantic_core-2.18.3-cp38-cp38-macosx_10_12_x86_64.whl", hash = "sha256:eecf63195be644b0396f972c82598cd15693550f0ff236dcf7ab92e2eb6d3522"},
    {file = "pydantic_core-2.18.3-cp38-cp38-macosx_11_0_arm64.whl", hash = "sha256:2c44efdd3b6125419c28821590d7ec891c9cb0dff33a7a78d9d5c8b6f66b9702"},
    {file = "pydantic_core-2.18.3-cp38-cp38-manylinux_2_17_aarch64.manylinux2014_aarch64.whl", hash = "sha256:6e59fca51ffbdd1638b3856779342ed69bcecb8484c1d4b8bdb237d0eb5a45e2"},
    {file = "pydantic_core-2.18.3-cp38-cp38-manylinux_2_17_armv7l.manylinux2014_armv7l.whl", hash = "sha256:70cf099197d6b98953468461d753563b28e73cf1eade2ffe069675d2657ed1d5"},
    {file = "pydantic_core-2.18.3-cp38-cp38-manylinux_2_17_ppc64le.manylinux2014_ppc64le.whl", hash = "sha256:63081a49dddc6124754b32a3774331467bfc3d2bd5ff8f10df36a95602560361"},
    {file = "pydantic_core-2.18.3-cp38-cp38-manylinux_2_17_s390x.manylinux2014_s390x.whl", hash = "sha256:370059b7883485c9edb9655355ff46d912f4b03b009d929220d9294c7fd9fd60"},
    {file = "pydantic_core-2.18.3-cp38-cp38-manylinux_2_17_x86_64.manylinux2014_x86_64.whl", hash = "sha256:5a64faeedfd8254f05f5cf6fc755023a7e1606af3959cfc1a9285744cc711044"},
    {file = "pydantic_core-2.18.3-cp38-cp38-manylinux_2_5_i686.manylinux1_i686.whl", hash = "sha256:19d2e725de0f90d8671f89e420d36c3dd97639b98145e42fcc0e1f6d492a46dc"},
    {file = "pydantic_core-2.18.3-cp38-cp38-musllinux_1_1_aarch64.whl", hash = "sha256:67bc078025d70ec5aefe6200ef094576c9d86bd36982df1301c758a9fff7d7f4"},
    {file = "pydantic_core-2.18.3-cp38-cp38-musllinux_1_1_x86_64.whl", hash = "sha256:adf952c3f4100e203cbaf8e0c907c835d3e28f9041474e52b651761dc248a3c0"},
    {file = "pydantic_core-2.18.3-cp38-none-win32.whl", hash = "sha256:9a46795b1f3beb167eaee91736d5d17ac3a994bf2215a996aed825a45f897558"},
    {file = "pydantic_core-2.18.3-cp38-none-win_amd64.whl", hash = "sha256:200ad4e3133cb99ed82342a101a5abf3d924722e71cd581cc113fe828f727fbc"},
    {file = "pydantic_core-2.18.3-cp39-cp39-macosx_10_12_x86_64.whl", hash = "sha256:304378b7bf92206036c8ddd83a2ba7b7d1a5b425acafff637172a3aa72ad7083"},
    {file = "pydantic_core-2.18.3-cp39-cp39-macosx_11_0_arm64.whl", hash = "sha256:c826870b277143e701c9ccf34ebc33ddb4d072612683a044e7cce2d52f6c3fef"},
    {file = "pydantic_core-2.18.3-cp39-cp39-manylinux_2_17_aarch64.manylinux2014_aarch64.whl", hash = "sha256:e201935d282707394f3668380e41ccf25b5794d1b131cdd96b07f615a33ca4b1"},
    {file = "pydantic_core-2.18.3-cp39-cp39-manylinux_2_17_armv7l.manylinux2014_armv7l.whl", hash = "sha256:5560dda746c44b48bf82b3d191d74fe8efc5686a9ef18e69bdabccbbb9ad9442"},
    {file = "pydantic_core-2.18.3-cp39-cp39-manylinux_2_17_ppc64le.manylinux2014_ppc64le.whl", hash = "sha256:6b32c2a1f8032570842257e4c19288eba9a2bba4712af542327de9a1204faff8"},
    {file = "pydantic_core-2.18.3-cp39-cp39-manylinux_2_17_s390x.manylinux2014_s390x.whl", hash = "sha256:929c24e9dea3990bc8bcd27c5f2d3916c0c86f5511d2caa69e0d5290115344a9"},
    {file = "pydantic_core-2.18.3-cp39-cp39-manylinux_2_17_x86_64.manylinux2014_x86_64.whl", hash = "sha256:e1a8376fef60790152564b0eab376b3e23dd6e54f29d84aad46f7b264ecca943"},
    {file = "pydantic_core-2.18.3-cp39-cp39-manylinux_2_5_i686.manylinux1_i686.whl", hash = "sha256:dccf3ef1400390ddd1fb55bf0632209d39140552d068ee5ac45553b556780e06"},
    {file = "pydantic_core-2.18.3-cp39-cp39-musllinux_1_1_aarch64.whl", hash = "sha256:41dbdcb0c7252b58fa931fec47937edb422c9cb22528f41cb8963665c372caf6"},
    {file = "pydantic_core-2.18.3-cp39-cp39-musllinux_1_1_x86_64.whl", hash = "sha256:666e45cf071669fde468886654742fa10b0e74cd0fa0430a46ba6056b24fb0af"},
    {file = "pydantic_core-2.18.3-cp39-none-win32.whl", hash = "sha256:f9c08cabff68704a1b4667d33f534d544b8a07b8e5d039c37067fceb18789e78"},
    {file = "pydantic_core-2.18.3-cp39-none-win_amd64.whl", hash = "sha256:4afa5f5973e8572b5c0dcb4e2d4fda7890e7cd63329bd5cc3263a25c92ef0026"},
    {file = "pydantic_core-2.18.3-pp310-pypy310_pp73-macosx_10_12_x86_64.whl", hash = "sha256:77319771a026f7c7d29c6ebc623de889e9563b7087911b46fd06c044a12aa5e9"},
    {file = "pydantic_core-2.18.3-pp310-pypy310_pp73-macosx_11_0_arm64.whl", hash = "sha256:df11fa992e9f576473038510d66dd305bcd51d7dd508c163a8c8fe148454e059"},
    {file = "pydantic_core-2.18.3-pp310-pypy310_pp73-manylinux_2_17_aarch64.manylinux2014_aarch64.whl", hash = "sha256:d531076bdfb65af593326ffd567e6ab3da145020dafb9187a1d131064a55f97c"},
    {file = "pydantic_core-2.18.3-pp310-pypy310_pp73-manylinux_2_17_x86_64.manylinux2014_x86_64.whl", hash = "sha256:d33ce258e4e6e6038f2b9e8b8a631d17d017567db43483314993b3ca345dcbbb"},
    {file = "pydantic_core-2.18.3-pp310-pypy310_pp73-manylinux_2_5_i686.manylinux1_i686.whl", hash = "sha256:1f9cd7f5635b719939019be9bda47ecb56e165e51dd26c9a217a433e3d0d59a9"},
    {file = "pydantic_core-2.18.3-pp310-pypy310_pp73-musllinux_1_1_aarch64.whl", hash = "sha256:cd4a032bb65cc132cae1fe3e52877daecc2097965cd3914e44fbd12b00dae7c5"},
    {file = "pydantic_core-2.18.3-pp310-pypy310_pp73-musllinux_1_1_x86_64.whl", hash = "sha256:82f2718430098bcdf60402136c845e4126a189959d103900ebabb6774a5d9fdb"},
    {file = "pydantic_core-2.18.3-pp310-pypy310_pp73-win_amd64.whl", hash = "sha256:c0037a92cf0c580ed14e10953cdd26528e8796307bb8bb312dc65f71547df04d"},
    {file = "pydantic_core-2.18.3-pp39-pypy39_pp73-macosx_10_12_x86_64.whl", hash = "sha256:b95a0972fac2b1ff3c94629fc9081b16371dad870959f1408cc33b2f78ad347a"},
    {file = "pydantic_core-2.18.3-pp39-pypy39_pp73-macosx_11_0_arm64.whl", hash = "sha256:a62e437d687cc148381bdd5f51e3e81f5b20a735c55f690c5be94e05da2b0d5c"},
    {file = "pydantic_core-2.18.3-pp39-pypy39_pp73-manylinux_2_17_aarch64.manylinux2014_aarch64.whl", hash = "sha256:b367a73a414bbb08507da102dc2cde0fa7afe57d09b3240ce82a16d608a7679c"},
    {file = "pydantic_core-2.18.3-pp39-pypy39_pp73-manylinux_2_17_x86_64.manylinux2014_x86_64.whl", hash = "sha256:0ecce4b2360aa3f008da3327d652e74a0e743908eac306198b47e1c58b03dd2b"},
    {file = "pydantic_core-2.18.3-pp39-pypy39_pp73-manylinux_2_5_i686.manylinux1_i686.whl", hash = "sha256:bd4435b8d83f0c9561a2a9585b1de78f1abb17cb0cef5f39bf6a4b47d19bafe3"},
    {file = "pydantic_core-2.18.3-pp39-pypy39_pp73-musllinux_1_1_aarch64.whl", hash = "sha256:616221a6d473c5b9aa83fa8982745441f6a4a62a66436be9445c65f241b86c94"},
    {file = "pydantic_core-2.18.3-pp39-pypy39_pp73-musllinux_1_1_x86_64.whl", hash = "sha256:7e6382ce89a92bc1d0c0c5edd51e931432202b9080dc921d8d003e616402efd1"},
    {file = "pydantic_core-2.18.3-pp39-pypy39_pp73-win_amd64.whl", hash = "sha256:ff58f379345603d940e461eae474b6bbb6dab66ed9a851ecd3cb3709bf4dcf6a"},
    {file = "pydantic_core-2.18.3.tar.gz", hash = "sha256:432e999088d85c8f36b9a3f769a8e2b57aabd817bbb729a90d1fe7f18f6f1f39"},
]

[package.dependencies]
typing-extensions = ">=4.6.0,<4.7.0 || >4.7.0"

[[package]]
name = "pyyaml"
version = "6.0.1"
description = "YAML parser and emitter for Python"
optional = false
python-versions = ">=3.6"
files = [
    {file = "PyYAML-6.0.1-cp310-cp310-macosx_10_9_x86_64.whl", hash = "sha256:d858aa552c999bc8a8d57426ed01e40bef403cd8ccdd0fc5f6f04a00414cac2a"},
    {file = "PyYAML-6.0.1-cp310-cp310-macosx_11_0_arm64.whl", hash = "sha256:fd66fc5d0da6d9815ba2cebeb4205f95818ff4b79c3ebe268e75d961704af52f"},
    {file = "PyYAML-6.0.1-cp310-cp310-manylinux_2_17_aarch64.manylinux2014_aarch64.whl", hash = "sha256:69b023b2b4daa7548bcfbd4aa3da05b3a74b772db9e23b982788168117739938"},
    {file = "PyYAML-6.0.1-cp310-cp310-manylinux_2_17_s390x.manylinux2014_s390x.whl", hash = "sha256:81e0b275a9ecc9c0c0c07b4b90ba548307583c125f54d5b6946cfee6360c733d"},
    {file = "PyYAML-6.0.1-cp310-cp310-manylinux_2_17_x86_64.manylinux2014_x86_64.whl", hash = "sha256:ba336e390cd8e4d1739f42dfe9bb83a3cc2e80f567d8805e11b46f4a943f5515"},
    {file = "PyYAML-6.0.1-cp310-cp310-musllinux_1_1_x86_64.whl", hash = "sha256:326c013efe8048858a6d312ddd31d56e468118ad4cdeda36c719bf5bb6192290"},
    {file = "PyYAML-6.0.1-cp310-cp310-win32.whl", hash = "sha256:bd4af7373a854424dabd882decdc5579653d7868b8fb26dc7d0e99f823aa5924"},
    {file = "PyYAML-6.0.1-cp310-cp310-win_amd64.whl", hash = "sha256:fd1592b3fdf65fff2ad0004b5e363300ef59ced41c2e6b3a99d4089fa8c5435d"},
    {file = "PyYAML-6.0.1-cp311-cp311-macosx_10_9_x86_64.whl", hash = "sha256:6965a7bc3cf88e5a1c3bd2e0b5c22f8d677dc88a455344035f03399034eb3007"},
    {file = "PyYAML-6.0.1-cp311-cp311-macosx_11_0_arm64.whl", hash = "sha256:f003ed9ad21d6a4713f0a9b5a7a0a79e08dd0f221aff4525a2be4c346ee60aab"},
    {file = "PyYAML-6.0.1-cp311-cp311-manylinux_2_17_aarch64.manylinux2014_aarch64.whl", hash = "sha256:42f8152b8dbc4fe7d96729ec2b99c7097d656dc1213a3229ca5383f973a5ed6d"},
    {file = "PyYAML-6.0.1-cp311-cp311-manylinux_2_17_s390x.manylinux2014_s390x.whl", hash = "sha256:062582fca9fabdd2c8b54a3ef1c978d786e0f6b3a1510e0ac93ef59e0ddae2bc"},
    {file = "PyYAML-6.0.1-cp311-cp311-manylinux_2_17_x86_64.manylinux2014_x86_64.whl", hash = "sha256:d2b04aac4d386b172d5b9692e2d2da8de7bfb6c387fa4f801fbf6fb2e6ba4673"},
    {file = "PyYAML-6.0.1-cp311-cp311-musllinux_1_1_x86_64.whl", hash = "sha256:e7d73685e87afe9f3b36c799222440d6cf362062f78be1013661b00c5c6f678b"},
    {file = "PyYAML-6.0.1-cp311-cp311-win32.whl", hash = "sha256:1635fd110e8d85d55237ab316b5b011de701ea0f29d07611174a1b42f1444741"},
    {file = "PyYAML-6.0.1-cp311-cp311-win_amd64.whl", hash = "sha256:bf07ee2fef7014951eeb99f56f39c9bb4af143d8aa3c21b1677805985307da34"},
    {file = "PyYAML-6.0.1-cp312-cp312-macosx_10_9_x86_64.whl", hash = "sha256:855fb52b0dc35af121542a76b9a84f8d1cd886ea97c84703eaa6d88e37a2ad28"},
    {file = "PyYAML-6.0.1-cp312-cp312-macosx_11_0_arm64.whl", hash = "sha256:40df9b996c2b73138957fe23a16a4f0ba614f4c0efce1e9406a184b6d07fa3a9"},
    {file = "PyYAML-6.0.1-cp312-cp312-manylinux_2_17_x86_64.manylinux2014_x86_64.whl", hash = "sha256:6c22bec3fbe2524cde73d7ada88f6566758a8f7227bfbf93a408a9d86bcc12a0"},
    {file = "PyYAML-6.0.1-cp312-cp312-musllinux_1_1_x86_64.whl", hash = "sha256:8d4e9c88387b0f5c7d5f281e55304de64cf7f9c0021a3525bd3b1c542da3b0e4"},
    {file = "PyYAML-6.0.1-cp312-cp312-win32.whl", hash = "sha256:d483d2cdf104e7c9fa60c544d92981f12ad66a457afae824d146093b8c294c54"},
    {file = "PyYAML-6.0.1-cp312-cp312-win_amd64.whl", hash = "sha256:0d3304d8c0adc42be59c5f8a4d9e3d7379e6955ad754aa9d6ab7a398b59dd1df"},
    {file = "PyYAML-6.0.1-cp36-cp36m-macosx_10_9_x86_64.whl", hash = "sha256:50550eb667afee136e9a77d6dc71ae76a44df8b3e51e41b77f6de2932bfe0f47"},
    {file = "PyYAML-6.0.1-cp36-cp36m-manylinux_2_17_aarch64.manylinux2014_aarch64.whl", hash = "sha256:1fe35611261b29bd1de0070f0b2f47cb6ff71fa6595c077e42bd0c419fa27b98"},
    {file = "PyYAML-6.0.1-cp36-cp36m-manylinux_2_17_s390x.manylinux2014_s390x.whl", hash = "sha256:704219a11b772aea0d8ecd7058d0082713c3562b4e271b849ad7dc4a5c90c13c"},
    {file = "PyYAML-6.0.1-cp36-cp36m-manylinux_2_17_x86_64.manylinux2014_x86_64.whl", hash = "sha256:afd7e57eddb1a54f0f1a974bc4391af8bcce0b444685d936840f125cf046d5bd"},
    {file = "PyYAML-6.0.1-cp36-cp36m-win32.whl", hash = "sha256:fca0e3a251908a499833aa292323f32437106001d436eca0e6e7833256674585"},
    {file = "PyYAML-6.0.1-cp36-cp36m-win_amd64.whl", hash = "sha256:f22ac1c3cac4dbc50079e965eba2c1058622631e526bd9afd45fedd49ba781fa"},
    {file = "PyYAML-6.0.1-cp37-cp37m-macosx_10_9_x86_64.whl", hash = "sha256:b1275ad35a5d18c62a7220633c913e1b42d44b46ee12554e5fd39c70a243d6a3"},
    {file = "PyYAML-6.0.1-cp37-cp37m-manylinux_2_17_aarch64.manylinux2014_aarch64.whl", hash = "sha256:18aeb1bf9a78867dc38b259769503436b7c72f7a1f1f4c93ff9a17de54319b27"},
    {file = "PyYAML-6.0.1-cp37-cp37m-manylinux_2_17_s390x.manylinux2014_s390x.whl", hash = "sha256:596106435fa6ad000c2991a98fa58eeb8656ef2325d7e158344fb33864ed87e3"},
    {file = "PyYAML-6.0.1-cp37-cp37m-manylinux_2_17_x86_64.manylinux2014_x86_64.whl", hash = "sha256:baa90d3f661d43131ca170712d903e6295d1f7a0f595074f151c0aed377c9b9c"},
    {file = "PyYAML-6.0.1-cp37-cp37m-win32.whl", hash = "sha256:9046c58c4395dff28dd494285c82ba00b546adfc7ef001486fbf0324bc174fba"},
    {file = "PyYAML-6.0.1-cp37-cp37m-win_amd64.whl", hash = "sha256:4fb147e7a67ef577a588a0e2c17b6db51dda102c71de36f8549b6816a96e1867"},
    {file = "PyYAML-6.0.1-cp38-cp38-macosx_10_9_x86_64.whl", hash = "sha256:1d4c7e777c441b20e32f52bd377e0c409713e8bb1386e1099c2415f26e479595"},
    {file = "PyYAML-6.0.1-cp38-cp38-manylinux_2_17_aarch64.manylinux2014_aarch64.whl", hash = "sha256:a0cd17c15d3bb3fa06978b4e8958dcdc6e0174ccea823003a106c7d4d7899ac5"},
    {file = "PyYAML-6.0.1-cp38-cp38-manylinux_2_17_s390x.manylinux2014_s390x.whl", hash = "sha256:28c119d996beec18c05208a8bd78cbe4007878c6dd15091efb73a30e90539696"},
    {file = "PyYAML-6.0.1-cp38-cp38-manylinux_2_17_x86_64.manylinux2014_x86_64.whl", hash = "sha256:7e07cbde391ba96ab58e532ff4803f79c4129397514e1413a7dc761ccd755735"},
    {file = "PyYAML-6.0.1-cp38-cp38-musllinux_1_1_x86_64.whl", hash = "sha256:49a183be227561de579b4a36efbb21b3eab9651dd81b1858589f796549873dd6"},
    {file = "PyYAML-6.0.1-cp38-cp38-win32.whl", hash = "sha256:184c5108a2aca3c5b3d3bf9395d50893a7ab82a38004c8f61c258d4428e80206"},
    {file = "PyYAML-6.0.1-cp38-cp38-win_amd64.whl", hash = "sha256:1e2722cc9fbb45d9b87631ac70924c11d3a401b2d7f410cc0e3bbf249f2dca62"},
    {file = "PyYAML-6.0.1-cp39-cp39-macosx_10_9_x86_64.whl", hash = "sha256:9eb6caa9a297fc2c2fb8862bc5370d0303ddba53ba97e71f08023b6cd73d16a8"},
    {file = "PyYAML-6.0.1-cp39-cp39-macosx_11_0_arm64.whl", hash = "sha256:c8098ddcc2a85b61647b2590f825f3db38891662cfc2fc776415143f599bb859"},
    {file = "PyYAML-6.0.1-cp39-cp39-manylinux_2_17_aarch64.manylinux2014_aarch64.whl", hash = "sha256:5773183b6446b2c99bb77e77595dd486303b4faab2b086e7b17bc6bef28865f6"},
    {file = "PyYAML-6.0.1-cp39-cp39-manylinux_2_17_s390x.manylinux2014_s390x.whl", hash = "sha256:b786eecbdf8499b9ca1d697215862083bd6d2a99965554781d0d8d1ad31e13a0"},
    {file = "PyYAML-6.0.1-cp39-cp39-manylinux_2_17_x86_64.manylinux2014_x86_64.whl", hash = "sha256:bc1bf2925a1ecd43da378f4db9e4f799775d6367bdb94671027b73b393a7c42c"},
    {file = "PyYAML-6.0.1-cp39-cp39-musllinux_1_1_x86_64.whl", hash = "sha256:04ac92ad1925b2cff1db0cfebffb6ffc43457495c9b3c39d3fcae417d7125dc5"},
    {file = "PyYAML-6.0.1-cp39-cp39-win32.whl", hash = "sha256:faca3bdcf85b2fc05d06ff3fbc1f83e1391b3e724afa3feba7d13eeab355484c"},
    {file = "PyYAML-6.0.1-cp39-cp39-win_amd64.whl", hash = "sha256:510c9deebc5c0225e8c96813043e62b680ba2f9c50a08d3724c7f28a747d1486"},
    {file = "PyYAML-6.0.1.tar.gz", hash = "sha256:bfdf460b1736c775f2ba9f6a92bca30bc2095067b8a9d77876d1fad6cc3b4a43"},
]

[[package]]
name = "rapidfuzz"
version = "3.9.3"
description = "rapid fuzzy string matching"
optional = false
python-versions = ">=3.8"
files = [
    {file = "rapidfuzz-3.9.3-cp310-cp310-macosx_10_9_x86_64.whl", hash = "sha256:bdb8c5b8e29238ec80727c2ba3b301efd45aa30c6a7001123a6647b8e6f77ea4"},
    {file = "rapidfuzz-3.9.3-cp310-cp310-macosx_11_0_arm64.whl", hash = "sha256:b3bd0d9632088c63a241f217742b1cf86e2e8ae573e01354775bd5016d12138c"},
    {file = "rapidfuzz-3.9.3-cp310-cp310-manylinux_2_17_aarch64.manylinux2014_aarch64.whl", hash = "sha256:153f23c03d4917f6a1fc2fb56d279cc6537d1929237ff08ee7429d0e40464a18"},
    {file = "rapidfuzz-3.9.3-cp310-cp310-manylinux_2_17_i686.manylinux2014_i686.whl", hash = "sha256:a96c5225e840f1587f1bac8fa6f67562b38e095341576e82b728a82021f26d62"},
    {file = "rapidfuzz-3.9.3-cp310-cp310-manylinux_2_17_ppc64le.manylinux2014_ppc64le.whl", hash = "sha256:b777cd910ceecd738adc58593d6ed42e73f60ad04ecdb4a841ae410b51c92e0e"},
    {file = "rapidfuzz-3.9.3-cp310-cp310-manylinux_2_17_s390x.manylinux2014_s390x.whl", hash = "sha256:53e06e4b81f552da04940aa41fc556ba39dee5513d1861144300c36c33265b76"},
    {file = "rapidfuzz-3.9.3-cp310-cp310-manylinux_2_17_x86_64.manylinux2014_x86_64.whl", hash = "sha256:5c7ca5b6050f18fdcacdada2dc5fb7619ff998cd9aba82aed2414eee74ebe6cd"},
    {file = "rapidfuzz-3.9.3-cp310-cp310-musllinux_1_2_aarch64.whl", hash = "sha256:87bb8d84cb41446a808c4b5f746e29d8a53499381ed72f6c4e456fe0f81c80a8"},
    {file = "rapidfuzz-3.9.3-cp310-cp310-musllinux_1_2_i686.whl", hash = "sha256:959a15186d18425d19811bea86a8ffbe19fd48644004d29008e636631420a9b7"},
    {file = "rapidfuzz-3.9.3-cp310-cp310-musllinux_1_2_ppc64le.whl", hash = "sha256:a24603dd05fb4e3c09d636b881ce347e5f55f925a6b1b4115527308a323b9f8e"},
    {file = "rapidfuzz-3.9.3-cp310-cp310-musllinux_1_2_s390x.whl", hash = "sha256:0d055da0e801c71dd74ba81d72d41b2fa32afa182b9fea6b4b199d2ce937450d"},
    {file = "rapidfuzz-3.9.3-cp310-cp310-musllinux_1_2_x86_64.whl", hash = "sha256:875b581afb29a7213cf9d98cb0f98df862f1020bce9d9b2e6199b60e78a41d14"},
    {file = "rapidfuzz-3.9.3-cp310-cp310-win32.whl", hash = "sha256:6073a46f61479a89802e3f04655267caa6c14eb8ac9d81a635a13805f735ebc1"},
    {file = "rapidfuzz-3.9.3-cp310-cp310-win_amd64.whl", hash = "sha256:119c010e20e561249b99ca2627f769fdc8305b07193f63dbc07bca0a6c27e892"},
    {file = "rapidfuzz-3.9.3-cp310-cp310-win_arm64.whl", hash = "sha256:790b0b244f3213581d42baa2fed8875f9ee2b2f9b91f94f100ec80d15b140ba9"},
    {file = "rapidfuzz-3.9.3-cp311-cp311-macosx_10_9_x86_64.whl", hash = "sha256:f57e8305c281e8c8bc720515540e0580355100c0a7a541105c6cafc5de71daae"},
    {file = "rapidfuzz-3.9.3-cp311-cp311-macosx_11_0_arm64.whl", hash = "sha256:a4fc7b784cf987dbddc300cef70e09a92ed1bce136f7bb723ea79d7e297fe76d"},
    {file = "rapidfuzz-3.9.3-cp311-cp311-manylinux_2_17_aarch64.manylinux2014_aarch64.whl", hash = "sha256:5b422c0a6fe139d5447a0766268e68e6a2a8c2611519f894b1f31f0a392b9167"},
    {file = "rapidfuzz-3.9.3-cp311-cp311-manylinux_2_17_i686.manylinux2014_i686.whl", hash = "sha256:f50fed4a9b0c9825ff37cf0bccafd51ff5792090618f7846a7650f21f85579c9"},
    {file = "rapidfuzz-3.9.3-cp311-cp311-manylinux_2_17_ppc64le.manylinux2014_ppc64le.whl", hash = "sha256:b80eb7cbe62348c61d3e67e17057cddfd6defab168863028146e07d5a8b24a89"},
    {file = "rapidfuzz-3.9.3-cp311-cp311-manylinux_2_17_s390x.manylinux2014_s390x.whl", hash = "sha256:65f45be77ec82da32ce5709a362e236ccf801615cc7163b136d1778cf9e31b14"},
    {file = "rapidfuzz-3.9.3-cp311-cp311-manylinux_2_17_x86_64.manylinux2014_x86_64.whl", hash = "sha256:fd84b7f652a5610733400307dc732f57c4a907080bef9520412e6d9b55bc9adc"},
    {file = "rapidfuzz-3.9.3-cp311-cp311-musllinux_1_2_aarch64.whl", hash = "sha256:3e6d27dad8c990218b8cd4a5c99cbc8834f82bb46ab965a7265d5aa69fc7ced7"},
    {file = "rapidfuzz-3.9.3-cp311-cp311-musllinux_1_2_i686.whl", hash = "sha256:05ee0696ebf0dfe8f7c17f364d70617616afc7dafe366532730ca34056065b8a"},
    {file = "rapidfuzz-3.9.3-cp311-cp311-musllinux_1_2_ppc64le.whl", hash = "sha256:2bc8391749e5022cd9e514ede5316f86e332ffd3cfceeabdc0b17b7e45198a8c"},
    {file = "rapidfuzz-3.9.3-cp311-cp311-musllinux_1_2_s390x.whl", hash = "sha256:93981895602cf5944d89d317ae3b1b4cc684d175a8ae2a80ce5b65615e72ddd0"},
    {file = "rapidfuzz-3.9.3-cp311-cp311-musllinux_1_2_x86_64.whl", hash = "sha256:754b719a4990735f66653c9e9261dcf52fd4d925597e43d6b9069afcae700d21"},
    {file = "rapidfuzz-3.9.3-cp311-cp311-win32.whl", hash = "sha256:14c9f268ade4c88cf77ab007ad0fdf63699af071ee69378de89fff7aa3cae134"},
    {file = "rapidfuzz-3.9.3-cp311-cp311-win_amd64.whl", hash = "sha256:bc1991b4cde6c9d3c0bbcb83d5581dc7621bec8c666c095c65b4277233265a82"},
    {file = "rapidfuzz-3.9.3-cp311-cp311-win_arm64.whl", hash = "sha256:0c34139df09a61b1b557ab65782ada971b4a3bce7081d1b2bee45b0a52231adb"},
    {file = "rapidfuzz-3.9.3-cp312-cp312-macosx_10_9_x86_64.whl", hash = "sha256:5d6a210347d6e71234af5c76d55eeb0348b026c9bb98fe7c1cca89bac50fb734"},
    {file = "rapidfuzz-3.9.3-cp312-cp312-macosx_11_0_arm64.whl", hash = "sha256:b300708c917ce52f6075bdc6e05b07c51a085733650f14b732c087dc26e0aaad"},
    {file = "rapidfuzz-3.9.3-cp312-cp312-manylinux_2_17_aarch64.manylinux2014_aarch64.whl", hash = "sha256:83ea7ca577d76778250421de61fb55a719e45b841deb769351fc2b1740763050"},
    {file = "rapidfuzz-3.9.3-cp312-cp312-manylinux_2_17_i686.manylinux2014_i686.whl", hash = "sha256:8319838fb5b7b5f088d12187d91d152b9386ce3979ed7660daa0ed1bff953791"},
    {file = "rapidfuzz-3.9.3-cp312-cp312-manylinux_2_17_ppc64le.manylinux2014_ppc64le.whl", hash = "sha256:505d99131afd21529293a9a7b91dfc661b7e889680b95534756134dc1cc2cd86"},
    {file = "rapidfuzz-3.9.3-cp312-cp312-manylinux_2_17_s390x.manylinux2014_s390x.whl", hash = "sha256:c52970f7784518d7c82b07a62a26e345d2de8c2bd8ed4774e13342e4b3ff4200"},
    {file = "rapidfuzz-3.9.3-cp312-cp312-manylinux_2_17_x86_64.manylinux2014_x86_64.whl", hash = "sha256:143caf7247449055ecc3c1e874b69e42f403dfc049fc2f3d5f70e1daf21c1318"},
    {file = "rapidfuzz-3.9.3-cp312-cp312-musllinux_1_2_aarch64.whl", hash = "sha256:b8ab0fa653d9225195a8ff924f992f4249c1e6fa0aea563f685e71b81b9fcccf"},
    {file = "rapidfuzz-3.9.3-cp312-cp312-musllinux_1_2_i686.whl", hash = "sha256:57e7c5bf7b61c7320cfa5dde1e60e678d954ede9bb7da8e763959b2138391401"},
    {file = "rapidfuzz-3.9.3-cp312-cp312-musllinux_1_2_ppc64le.whl", hash = "sha256:51fa1ba84653ab480a2e2044e2277bd7f0123d6693051729755addc0d015c44f"},
    {file = "rapidfuzz-3.9.3-cp312-cp312-musllinux_1_2_s390x.whl", hash = "sha256:17ff7f7eecdb169f9236e3b872c96dbbaf116f7787f4d490abd34b0116e3e9c8"},
    {file = "rapidfuzz-3.9.3-cp312-cp312-musllinux_1_2_x86_64.whl", hash = "sha256:afe7c72d3f917b066257f7ff48562e5d462d865a25fbcabf40fca303a9fa8d35"},
    {file = "rapidfuzz-3.9.3-cp312-cp312-win32.whl", hash = "sha256:e53ed2e9b32674ce96eed80b3b572db9fd87aae6742941fb8e4705e541d861ce"},
    {file = "rapidfuzz-3.9.3-cp312-cp312-win_amd64.whl", hash = "sha256:35b7286f177e4d8ba1e48b03612f928a3c4bdac78e5651379cec59f95d8651e6"},
    {file = "rapidfuzz-3.9.3-cp312-cp312-win_arm64.whl", hash = "sha256:e6e4b9380ed4758d0cb578b0d1970c3f32dd9e87119378729a5340cb3169f879"},
    {file = "rapidfuzz-3.9.3-cp38-cp38-macosx_10_9_x86_64.whl", hash = "sha256:a39890013f6d5b056cc4bfdedc093e322462ece1027a57ef0c636537bdde7531"},
    {file = "rapidfuzz-3.9.3-cp38-cp38-macosx_11_0_arm64.whl", hash = "sha256:b5bc0fdbf419493163c5c9cb147c5fbe95b8e25844a74a8807dcb1a125e630cf"},
    {file = "rapidfuzz-3.9.3-cp38-cp38-manylinux_2_17_aarch64.manylinux2014_aarch64.whl", hash = "sha256:efe6e200a75a792d37b960457904c4fce7c928a96ae9e5d21d2bd382fe39066e"},
    {file = "rapidfuzz-3.9.3-cp38-cp38-manylinux_2_17_i686.manylinux2014_i686.whl", hash = "sha256:de077c468c225d4c18f7188c47d955a16d65f21aab121cbdd98e3e2011002c37"},
    {file = "rapidfuzz-3.9.3-cp38-cp38-manylinux_2_17_ppc64le.manylinux2014_ppc64le.whl", hash = "sha256:8f917eaadf5388466a95f6a236f678a1588d231e52eda85374077101842e794e"},
    {file = "rapidfuzz-3.9.3-cp38-cp38-manylinux_2_17_s390x.manylinux2014_s390x.whl", hash = "sha256:858ba57c05afd720db8088a8707079e8d024afe4644001fe0dbd26ef7ca74a65"},
    {file = "rapidfuzz-3.9.3-cp38-cp38-manylinux_2_17_x86_64.manylinux2014_x86_64.whl", hash = "sha256:d36447d21b05f90282a6f98c5a33771805f9222e5d0441d03eb8824e33e5bbb4"},
    {file = "rapidfuzz-3.9.3-cp38-cp38-musllinux_1_2_aarch64.whl", hash = "sha256:acbe4b6f1ccd5b90c29d428e849aa4242e51bb6cab0448d5f3c022eb9a25f7b1"},
    {file = "rapidfuzz-3.9.3-cp38-cp38-musllinux_1_2_i686.whl", hash = "sha256:53c7f27cdf899e94712972237bda48cfd427646aa6f5d939bf45d084780e4c16"},
    {file = "rapidfuzz-3.9.3-cp38-cp38-musllinux_1_2_ppc64le.whl", hash = "sha256:6175682a829c6dea4d35ed707f1dadc16513270ef64436568d03b81ccb6bdb74"},
    {file = "rapidfuzz-3.9.3-cp38-cp38-musllinux_1_2_s390x.whl", hash = "sha256:5276df395bd8497397197fca2b5c85f052d2e6a66ffc3eb0544dd9664d661f95"},
    {file = "rapidfuzz-3.9.3-cp38-cp38-musllinux_1_2_x86_64.whl", hash = "sha256:77b5c4f3e72924d7845f0e189c304270066d0f49635cf8a3938e122c437e58de"},
    {file = "rapidfuzz-3.9.3-cp38-cp38-win32.whl", hash = "sha256:8add34061e5cd561c72ed4febb5c15969e7b25bda2bb5102d02afc3abc1f52d0"},
    {file = "rapidfuzz-3.9.3-cp38-cp38-win_amd64.whl", hash = "sha256:604e0502a39cf8e67fa9ad239394dddad4cdef6d7008fdb037553817d420e108"},
    {file = "rapidfuzz-3.9.3-cp39-cp39-macosx_10_9_x86_64.whl", hash = "sha256:21047f55d674614eb4b0ab34e35c3dc66f36403b9fbfae645199c4a19d4ed447"},
    {file = "rapidfuzz-3.9.3-cp39-cp39-macosx_11_0_arm64.whl", hash = "sha256:a56da3aff97cb56fe85d9ca957d1f55dbac7c27da927a86a2a86d8a7e17f80aa"},
    {file = "rapidfuzz-3.9.3-cp39-cp39-manylinux_2_17_aarch64.manylinux2014_aarch64.whl", hash = "sha256:964c08481aec2fe574f0062e342924db2c6b321391aeb73d68853ed42420fd6d"},
    {file = "rapidfuzz-3.9.3-cp39-cp39-manylinux_2_17_i686.manylinux2014_i686.whl", hash = "sha256:5e2b827258beefbe5d3f958243caa5a44cf46187eff0c20e0b2ab62d1550327a"},
    {file = "rapidfuzz-3.9.3-cp39-cp39-manylinux_2_17_ppc64le.manylinux2014_ppc64le.whl", hash = "sha256:c6e65a301fcd19fbfbee3a514cc0014ff3f3b254b9fd65886e8a9d6957fb7bca"},
    {file = "rapidfuzz-3.9.3-cp39-cp39-manylinux_2_17_s390x.manylinux2014_s390x.whl", hash = "sha256:cbe93ba1725a8d47d2b9dca6c1f435174859427fbc054d83de52aea5adc65729"},
    {file = "rapidfuzz-3.9.3-cp39-cp39-manylinux_2_17_x86_64.manylinux2014_x86_64.whl", hash = "sha256:aca21c0a34adee582775da997a600283e012a608a107398d80a42f9a57ad323d"},
    {file = "rapidfuzz-3.9.3-cp39-cp39-musllinux_1_2_aarch64.whl", hash = "sha256:256e07d3465173b2a91c35715a2277b1ee3ae0b9bbab4e519df6af78570741d0"},
    {file = "rapidfuzz-3.9.3-cp39-cp39-musllinux_1_2_i686.whl", hash = "sha256:802ca2cc8aa6b8b34c6fdafb9e32540c1ba05fca7ad60b3bbd7ec89ed1797a87"},
    {file = "rapidfuzz-3.9.3-cp39-cp39-musllinux_1_2_ppc64le.whl", hash = "sha256:dd789100fc852cffac1449f82af0da139d36d84fd9faa4f79fc4140a88778343"},
    {file = "rapidfuzz-3.9.3-cp39-cp39-musllinux_1_2_s390x.whl", hash = "sha256:5d0abbacdb06e27ff803d7ae0bd0624020096802758068ebdcab9bd49cf53115"},
    {file = "rapidfuzz-3.9.3-cp39-cp39-musllinux_1_2_x86_64.whl", hash = "sha256:378d1744828e27490a823fc6fe6ebfb98c15228d54826bf4e49e4b76eb5f5579"},
    {file = "rapidfuzz-3.9.3-cp39-cp39-win32.whl", hash = "sha256:5d0cb272d43e6d3c0dedefdcd9d00007471f77b52d2787a4695e9dd319bb39d2"},
    {file = "rapidfuzz-3.9.3-cp39-cp39-win_amd64.whl", hash = "sha256:15e4158ac4b3fb58108072ec35b8a69165f651ba1c8f43559a36d518dbf9fb3f"},
    {file = "rapidfuzz-3.9.3-cp39-cp39-win_arm64.whl", hash = "sha256:58c6a4936190c558d5626b79fc9e16497e5df7098589a7e80d8bff68148ff096"},
    {file = "rapidfuzz-3.9.3-pp310-pypy310_pp73-macosx_10_9_x86_64.whl", hash = "sha256:5410dc848c947a603792f4f51b904a3331cf1dc60621586bfbe7a6de72da1091"},
    {file = "rapidfuzz-3.9.3-pp310-pypy310_pp73-macosx_11_0_arm64.whl", hash = "sha256:282d55700a1a3d3a7980746eb2fcd48c9bbc1572ebe0840d0340d548a54d01fe"},
    {file = "rapidfuzz-3.9.3-pp310-pypy310_pp73-manylinux_2_17_aarch64.manylinux2014_aarch64.whl", hash = "sha256:dc1037507810833646481f5729901a154523f98cbebb1157ba3a821012e16402"},
    {file = "rapidfuzz-3.9.3-pp310-pypy310_pp73-manylinux_2_17_i686.manylinux2014_i686.whl", hash = "sha256:5e33f779391caedcba2ba3089fb6e8e557feab540e9149a5c3f7fea7a3a7df37"},
    {file = "rapidfuzz-3.9.3-pp310-pypy310_pp73-manylinux_2_17_x86_64.manylinux2014_x86_64.whl", hash = "sha256:41a81a9f311dc83d22661f9b1a1de983b201322df0c4554042ffffd0f2040c37"},
    {file = "rapidfuzz-3.9.3-pp310-pypy310_pp73-win_amd64.whl", hash = "sha256:a93250bd8fae996350c251e1752f2c03335bb8a0a5b0c7e910a593849121a435"},
    {file = "rapidfuzz-3.9.3-pp38-pypy38_pp73-macosx_10_9_x86_64.whl", hash = "sha256:3617d1aa7716c57d120b6adc8f7c989f2d65bc2b0cbd5f9288f1fc7bf469da11"},
    {file = "rapidfuzz-3.9.3-pp38-pypy38_pp73-macosx_11_0_arm64.whl", hash = "sha256:ad04a3f5384b82933213bba2459f6424decc2823df40098920856bdee5fd6e88"},
    {file = "rapidfuzz-3.9.3-pp38-pypy38_pp73-manylinux_2_17_aarch64.manylinux2014_aarch64.whl", hash = "sha256:8709918da8a88ad73c9d4dd0ecf24179a4f0ceba0bee21efc6ea21a8b5290349"},
    {file = "rapidfuzz-3.9.3-pp38-pypy38_pp73-manylinux_2_17_i686.manylinux2014_i686.whl", hash = "sha256:b770f85eab24034e6ef7df04b2bfd9a45048e24f8a808e903441aa5abde8ecdd"},
    {file = "rapidfuzz-3.9.3-pp38-pypy38_pp73-manylinux_2_17_x86_64.manylinux2014_x86_64.whl", hash = "sha256:930b4e6fdb4d914390141a2b99a6f77a52beacf1d06aa4e170cba3a98e24c1bc"},
    {file = "rapidfuzz-3.9.3-pp38-pypy38_pp73-win_amd64.whl", hash = "sha256:c8444e921bfc3757c475c4f4d7416a7aa69b2d992d5114fe55af21411187ab0d"},
    {file = "rapidfuzz-3.9.3-pp39-pypy39_pp73-macosx_10_9_x86_64.whl", hash = "sha256:2c1d3ef3878f871abe6826e386c3d61b5292ef5f7946fe646f4206b85836b5da"},
    {file = "rapidfuzz-3.9.3-pp39-pypy39_pp73-macosx_11_0_arm64.whl", hash = "sha256:d861bf326ee7dabc35c532a40384541578cd1ec1e1b7db9f9ecbba56eb76ca22"},
    {file = "rapidfuzz-3.9.3-pp39-pypy39_pp73-manylinux_2_17_aarch64.manylinux2014_aarch64.whl", hash = "sha256:cde6b9d9ba5007077ee321ec722fa714ebc0cbd9a32ccf0f4dd3cc3f20952d71"},
    {file = "rapidfuzz-3.9.3-pp39-pypy39_pp73-manylinux_2_17_i686.manylinux2014_i686.whl", hash = "sha256:3bb6546e7b6bed1aefbe24f68a5fb9b891cc5aef61bca6c1a7b1054b7f0359bb"},
    {file = "rapidfuzz-3.9.3-pp39-pypy39_pp73-manylinux_2_17_x86_64.manylinux2014_x86_64.whl", hash = "sha256:3d8a57261ef7996d5ced7c8cba9189ada3fbeffd1815f70f635e4558d93766cb"},
    {file = "rapidfuzz-3.9.3-pp39-pypy39_pp73-win_amd64.whl", hash = "sha256:67201c02efc596923ad950519e0b75ceb78d524177ea557134d6567b9ac2c283"},
    {file = "rapidfuzz-3.9.3.tar.gz", hash = "sha256:b398ea66e8ed50451bce5997c430197d5e4b06ac4aa74602717f792d8d8d06e2"},
]

[package.extras]
full = ["numpy"]

[[package]]
name = "scipy"
version = "1.13.0"
description = "Fundamental algorithms for scientific computing in Python"
optional = false
python-versions = ">=3.9"
files = [
    {file = "scipy-1.13.0-cp310-cp310-macosx_10_9_x86_64.whl", hash = "sha256:ba419578ab343a4e0a77c0ef82f088238a93eef141b2b8017e46149776dfad4d"},
    {file = "scipy-1.13.0-cp310-cp310-macosx_12_0_arm64.whl", hash = "sha256:22789b56a999265431c417d462e5b7f2b487e831ca7bef5edeb56efe4c93f86e"},
    {file = "scipy-1.13.0-cp310-cp310-manylinux_2_17_aarch64.manylinux2014_aarch64.whl", hash = "sha256:05f1432ba070e90d42d7fd836462c50bf98bd08bed0aa616c359eed8a04e3922"},
    {file = "scipy-1.13.0-cp310-cp310-manylinux_2_17_x86_64.manylinux2014_x86_64.whl", hash = "sha256:b8434f6f3fa49f631fae84afee424e2483289dfc30a47755b4b4e6b07b2633a4"},
    {file = "scipy-1.13.0-cp310-cp310-musllinux_1_1_x86_64.whl", hash = "sha256:dcbb9ea49b0167de4167c40eeee6e167caeef11effb0670b554d10b1e693a8b9"},
    {file = "scipy-1.13.0-cp310-cp310-win_amd64.whl", hash = "sha256:1d2f7bb14c178f8b13ebae93f67e42b0a6b0fc50eba1cd8021c9b6e08e8fb1cd"},
    {file = "scipy-1.13.0-cp311-cp311-macosx_10_9_x86_64.whl", hash = "sha256:0fbcf8abaf5aa2dc8d6400566c1a727aed338b5fe880cde64907596a89d576fa"},
    {file = "scipy-1.13.0-cp311-cp311-macosx_12_0_arm64.whl", hash = "sha256:5e4a756355522eb60fcd61f8372ac2549073c8788f6114449b37e9e8104f15a5"},
    {file = "scipy-1.13.0-cp311-cp311-manylinux_2_17_aarch64.manylinux2014_aarch64.whl", hash = "sha256:b5acd8e1dbd8dbe38d0004b1497019b2dbbc3d70691e65d69615f8a7292865d7"},
    {file = "scipy-1.13.0-cp311-cp311-manylinux_2_17_x86_64.manylinux2014_x86_64.whl", hash = "sha256:9ff7dad5d24a8045d836671e082a490848e8639cabb3dbdacb29f943a678683d"},
    {file = "scipy-1.13.0-cp311-cp311-musllinux_1_1_x86_64.whl", hash = "sha256:4dca18c3ffee287ddd3bc8f1dabaf45f5305c5afc9f8ab9cbfab855e70b2df5c"},
    {file = "scipy-1.13.0-cp311-cp311-win_amd64.whl", hash = "sha256:a2f471de4d01200718b2b8927f7d76b5d9bde18047ea0fa8bd15c5ba3f26a1d6"},
    {file = "scipy-1.13.0-cp312-cp312-macosx_10_9_x86_64.whl", hash = "sha256:d0de696f589681c2802f9090fff730c218f7c51ff49bf252b6a97ec4a5d19e8b"},
    {file = "scipy-1.13.0-cp312-cp312-macosx_12_0_arm64.whl", hash = "sha256:b2a3ff461ec4756b7e8e42e1c681077349a038f0686132d623fa404c0bee2551"},
    {file = "scipy-1.13.0-cp312-cp312-manylinux_2_17_aarch64.manylinux2014_aarch64.whl", hash = "sha256:6bf9fe63e7a4bf01d3645b13ff2aa6dea023d38993f42aaac81a18b1bda7a82a"},
    {file = "scipy-1.13.0-cp312-cp312-manylinux_2_17_x86_64.manylinux2014_x86_64.whl", hash = "sha256:1e7626dfd91cdea5714f343ce1176b6c4745155d234f1033584154f60ef1ff42"},
    {file = "scipy-1.13.0-cp312-cp312-musllinux_1_1_x86_64.whl", hash = "sha256:109d391d720fcebf2fbe008621952b08e52907cf4c8c7efc7376822151820820"},
    {file = "scipy-1.13.0-cp312-cp312-win_amd64.whl", hash = "sha256:8930ae3ea371d6b91c203b1032b9600d69c568e537b7988a3073dfe4d4774f21"},
    {file = "scipy-1.13.0-cp39-cp39-macosx_10_9_x86_64.whl", hash = "sha256:5407708195cb38d70fd2d6bb04b1b9dd5c92297d86e9f9daae1576bd9e06f602"},
    {file = "scipy-1.13.0-cp39-cp39-macosx_12_0_arm64.whl", hash = "sha256:ac38c4c92951ac0f729c4c48c9e13eb3675d9986cc0c83943784d7390d540c78"},
    {file = "scipy-1.13.0-cp39-cp39-manylinux_2_17_aarch64.manylinux2014_aarch64.whl", hash = "sha256:09c74543c4fbeb67af6ce457f6a6a28e5d3739a87f62412e4a16e46f164f0ae5"},
    {file = "scipy-1.13.0-cp39-cp39-manylinux_2_17_x86_64.manylinux2014_x86_64.whl", hash = "sha256:28e286bf9ac422d6beb559bc61312c348ca9b0f0dae0d7c5afde7f722d6ea13d"},
    {file = "scipy-1.13.0-cp39-cp39-musllinux_1_1_x86_64.whl", hash = "sha256:33fde20efc380bd23a78a4d26d59fc8704e9b5fd9b08841693eb46716ba13d86"},
    {file = "scipy-1.13.0-cp39-cp39-win_amd64.whl", hash = "sha256:45c08bec71d3546d606989ba6e7daa6f0992918171e2a6f7fbedfa7361c2de1e"},
    {file = "scipy-1.13.0.tar.gz", hash = "sha256:58569af537ea29d3f78e5abd18398459f195546bb3be23d16677fb26616cc11e"},
]

[package.dependencies]
numpy = ">=1.22.4,<2.3"

[package.extras]
dev = ["cython-lint (>=0.12.2)", "doit (>=0.36.0)", "mypy", "pycodestyle", "pydevtool", "rich-click", "ruff", "types-psutil", "typing_extensions"]
doc = ["jupyterlite-pyodide-kernel", "jupyterlite-sphinx (>=0.12.0)", "jupytext", "matplotlib (>=3.5)", "myst-nb", "numpydoc", "pooch", "pydata-sphinx-theme (>=0.15.2)", "sphinx (>=5.0.0)", "sphinx-design (>=0.4.0)"]
test = ["array-api-strict", "asv", "gmpy2", "hypothesis (>=6.30)", "mpmath", "pooch", "pytest", "pytest-cov", "pytest-timeout", "pytest-xdist", "scikit-umfpack", "threadpoolctl"]

[[package]]
name = "tabulate"
version = "0.9.0"
description = "Pretty-print tabular data"
optional = false
python-versions = ">=3.7"
files = [
    {file = "tabulate-0.9.0-py3-none-any.whl", hash = "sha256:024ca478df22e9340661486f85298cff5f6dcdba14f3813e8830015b9ed1948f"},
    {file = "tabulate-0.9.0.tar.gz", hash = "sha256:0095b12bf5966de529c0feb1fa08671671b3368eec77d7ef7ab114be2c068b3c"},
]

[package.extras]
widechars = ["wcwidth"]

[[package]]
name = "thefuzz"
version = "0.22.1"
description = "Fuzzy string matching in python"
optional = false
python-versions = ">=3.8"
files = [
    {file = "thefuzz-0.22.1-py3-none-any.whl", hash = "sha256:59729b33556850b90e1093c4cf9e618af6f2e4c985df193fdf3c5b5cf02ca481"},
    {file = "thefuzz-0.22.1.tar.gz", hash = "sha256:7138039a7ecf540da323792d8592ef9902b1d79eb78c147d4f20664de79f3680"},
]

[package.dependencies]
rapidfuzz = ">=3.0.0,<4.0.0"

[[package]]
name = "typing-extensions"
version = "4.12.1"
description = "Backported and Experimental Type Hints for Python 3.8+"
optional = false
python-versions = ">=3.8"
files = [
    {file = "typing_extensions-4.12.1-py3-none-any.whl", hash = "sha256:6024b58b69089e5a89c347397254e35f1bf02a907728ec7fee9bf0fe837d203a"},
    {file = "typing_extensions-4.12.1.tar.gz", hash = "sha256:915f5e35ff76f56588223f15fdd5938f9a1cf9195c0de25130c627e4d597f6d1"},
]

[metadata]
lock-version = "2.0"
python-versions = "^3.12"
content-hash = "5053324ee2bddd97fcad37e4b9be4e03c42790feffa04a6db2475f2b1c642c29"
